Microsoft Visual Studio Solution File, Format Version 12.00
# Visual Studio Version 17
VisualStudioVersion = 17.4.33213.308
MinimumVisualStudioVersion = 10.0.40219.1
Project("{9A19103F-16F7-4668-BE54-9A1E7A4F7556}") = "ProductApi", "ProductApi\ProductApi.csproj", "{1AB07F84-B486-4705-9F0B-425D2EE530E8}"
EndProject
Project("{9A19103F-16F7-4668-BE54-9A1E7A4F7556}") = "OrderApi", "OrderApi\OrderApi.csproj", "{559DB926-84A6-4388-A849-138C85B00412}"
EndProject
Project("{9A19103F-16F7-4668-BE54-9A1E7A4F7556}") = "SharedModels", "SharedModels\SharedModels.csproj", "{55ACCE15-B901-470F-AA09-D613B758CB74}"
EndProject
Project("{E53339B2-1760-4266-BCC7-CA923CBCF16C}") = "docker-compose", "docker-compose.dcproj", "{D4E8DDF0-464B-4A0A-B19D-F96C235FC573}"
EndProject
Project("{9A19103F-16F7-4668-BE54-9A1E7A4F7556}") = "CustomerApi", "CustomerApi\CustomerApi.csproj", "{98395F28-6FDA-4F92-BD11-F99993B85F5F}"
EndProject
Global
	GlobalSection(SolutionConfigurationPlatforms) = preSolution
		Debug|Any CPU = Debug|Any CPU
		Release|Any CPU = Release|Any CPU
	EndGlobalSection
	GlobalSection(ProjectConfigurationPlatforms) = postSolution
		{1AB07F84-B486-4705-9F0B-425D2EE530E8}.Debug|Any CPU.ActiveCfg = Debug|Any CPU
		{1AB07F84-B486-4705-9F0B-425D2EE530E8}.Debug|Any CPU.Build.0 = Debug|Any CPU
		{1AB07F84-B486-4705-9F0B-425D2EE530E8}.Release|Any CPU.ActiveCfg = Release|Any CPU
		{1AB07F84-B486-4705-9F0B-425D2EE530E8}.Release|Any CPU.Build.0 = Release|Any CPU
		{559DB926-84A6-4388-A849-138C85B00412}.Debug|Any CPU.ActiveCfg = Debug|Any CPU
		{559DB926-84A6-4388-A849-138C85B00412}.Debug|Any CPU.Build.0 = Debug|Any CPU
		{559DB926-84A6-4388-A849-138C85B00412}.Release|Any CPU.ActiveCfg = Release|Any CPU
		{559DB926-84A6-4388-A849-138C85B00412}.Release|Any CPU.Build.0 = Release|Any CPU
		{55ACCE15-B901-470F-AA09-D613B758CB74}.Debug|Any CPU.ActiveCfg = Debug|Any CPU
		{55ACCE15-B901-470F-AA09-D613B758CB74}.Debug|Any CPU.Build.0 = Debug|Any CPU
		{55ACCE15-B901-470F-AA09-D613B758CB74}.Release|Any CPU.ActiveCfg = Release|Any CPU
		{55ACCE15-B901-470F-AA09-D613B758CB74}.Release|Any CPU.Build.0 = Release|Any CPU
		{D4E8DDF0-464B-4A0A-B19D-F96C235FC573}.Debug|Any CPU.ActiveCfg = Debug|Any CPU
		{D4E8DDF0-464B-4A0A-B19D-F96C235FC573}.Debug|Any CPU.Build.0 = Debug|Any CPU
		{D4E8DDF0-464B-4A0A-B19D-F96C235FC573}.Release|Any CPU.ActiveCfg = Release|Any CPU
		{D4E8DDF0-464B-4A0A-B19D-F96C235FC573}.Release|Any CPU.Build.0 = Release|Any CPU
		{98395F28-6FDA-4F92-BD11-F99993B85F5F}.Debug|Any CPU.ActiveCfg = Debug|Any CPU
		{98395F28-6FDA-4F92-BD11-F99993B85F5F}.Debug|Any CPU.Build.0 = Debug|Any CPU
		{98395F28-6FDA-4F92-BD11-F99993B85F5F}.Release|Any CPU.ActiveCfg = Release|Any CPU
		{98395F28-6FDA-4F92-BD11-F99993B85F5F}.Release|Any CPU.Build.0 = Release|Any CPU
	EndGlobalSection
	GlobalSection(SolutionProperties) = preSolution
		HideSolutionNode = FALSE
	EndGlobalSection
	GlobalSection(ExtensibilityGlobals) = postSolution
		SolutionGuid = {DA2012A4-6D9E-45B7-865D-9DF3EA97051B}
	EndGlobalSection
EndGlobal
